
Microsoft Visual Studio Solution File, Format Version 12.00
# Visual Studio Version 17
VisualStudioVersion = 17.0.31903.59
MinimumVisualStudioVersion = 10.0.40219.1
Project("{FAE04EC0-301F-11D3-BF4B-00C04F79EFBC}") = "BSReportService", "BSReportService\BSReportService.csproj", "{8AE35FAF-5CBF-40F8-B844-C5DDABE72D46}"
EndProject
Project("{FAE04EC0-301F-11D3-BF4B-00C04F79EFBC}") = "BSReportService.Tests", "BSReportService.Tests\BSReportService.Tests.csproj", "{EA78F43A-5830-4095-AA34-E5E839D424F0}"
EndProject
Global
	GlobalSection(SolutionConfigurationPlatforms) = preSolution
		Debug|Any CPU = Debug|Any CPU
		Debug|x64 = Debug|x64
		Debug|x86 = Debug|x86
		Release|Any CPU = Release|Any CPU
		Release|x64 = Release|x64
		Release|x86 = Release|x86
	EndGlobalSection
	GlobalSection(ProjectConfigurationPlatforms) = postSolution
		{8AE35FAF-5CBF-40F8-B844-C5DDABE72D46}.Debug|Any CPU.ActiveCfg = Debug|Any CPU
		{8AE35FAF-5CBF-40F8-B844-C5DDABE72D46}.Debug|Any CPU.Build.0 = Debug|Any CPU
		{8AE35FAF-5CBF-40F8-B844-C5DDABE72D46}.Debug|x64.ActiveCfg = Debug|Any CPU
		{8AE35FAF-5CBF-40F8-B844-C5DDABE72D46}.Debug|x64.Build.0 = Debug|Any CPU
		{8AE35FAF-5CBF-40F8-B844-C5DDABE72D46}.Debug|x86.ActiveCfg = Debug|Any CPU
		{8AE35FAF-5CBF-40F8-B844-C5DDABE72D46}.Debug|x86.Build.0 = Debug|Any CPU
		{8AE35FAF-5CBF-40F8-B844-C5DDABE72D46}.Release|Any CPU.ActiveCfg = Release|Any CPU
		{8AE35FAF-5CBF-40F8-B844-C5DDABE72D46}.Release|Any CPU.Build.0 = Release|Any CPU
		{8AE35FAF-5CBF-40F8-B844-C5DDABE72D46}.Release|x64.ActiveCfg = Release|Any CPU
		{8AE35FAF-5CBF-40F8-B844-C5DDABE72D46}.Release|x64.Build.0 = Release|Any CPU
		{8AE35FAF-5CBF-40F8-B844-C5DDABE72D46}.Release|x86.ActiveCfg = Release|Any CPU
		{8AE35FAF-5CBF-40F8-B844-C5DDABE72D46}.Release|x86.Build.0 = Release|Any CPU
		{EA78F43A-5830-4095-AA34-E5E839D424F0}.Debug|Any CPU.ActiveCfg = Debug|Any CPU
		{EA78F43A-5830-4095-AA34-E5E839D424F0}.Debug|Any CPU.Build.0 = Debug|Any CPU
		{EA78F43A-5830-4095-AA34-E5E839D424F0}.Debug|x64.ActiveCfg = Debug|Any CPU
		{EA78F43A-5830-4095-AA34-E5E839D424F0}.Debug|x64.Build.0 = Debug|Any CPU
		{EA78F43A-5830-4095-AA34-E5E839D424F0}.Debug|x86.ActiveCfg = Debug|Any CPU
		{EA78F43A-5830-4095-AA34-E5E839D424F0}.Debug|x86.Build.0 = Debug|Any CPU
		{EA78F43A-5830-4095-AA34-E5E839D424F0}.Release|Any CPU.ActiveCfg = Release|Any CPU
		{EA78F43A-5830-4095-AA34-E5E839D424F0}.Release|Any CPU.Build.0 = Release|Any CPU
		{EA78F43A-5830-4095-AA34-E5E839D424F0}.Release|x64.ActiveCfg = Release|Any CPU
		{EA78F43A-5830-4095-AA34-E5E839D424F0}.Release|x64.Build.0 = Release|Any CPU
		{EA78F43A-5830-4095-AA34-E5E839D424F0}.Release|x86.ActiveCfg = Release|Any CPU
		{EA78F43A-5830-4095-AA34-E5E839D424F0}.Release|x86.Build.0 = Release|Any CPU
	EndGlobalSection
	GlobalSection(SolutionProperties) = preSolution
		HideSolutionNode = FALSE
	EndGlobalSection
EndGlobal
